<?xml version="1.0" encoding="UTF-8"?>
<Scheme
   LastUpgradeVersion = "1020"
   version = "1.3">
   <BuildAction
      parallelizeBuildables = "YES"
      buildImplicitDependencies = "YES">
      <BuildActionEntries>
         <BuildActionEntry
            buildForTesting = "YES"
            buildForRunning = "YES"
            buildForProfiling = "YES"
            buildForArchiving = "YES"
            buildForAnalyzing = "YES">
            <BuildableReference
               BuildableIdentifier = "primary"
               BlueprintIdentifier = "C4A73457225A7CA500DF6364"
               BuildableName = "CPUUsageGuard"
               BlueprintName = "CPUUsageGuard"
               ReferencedContainer = "container:CPUUsageGuard.xcodeproj">
            </BuildableReference>
         </BuildActionEntry>
      </BuildActionEntries>
   </BuildAction>
   <TestAction
      buildConfiguration = "Debug"
      selectedDebuggerIdentifier = "Xcode.DebuggerFoundation.Debugger.LLDB"
      selectedLauncherIdentifier = "Xcode.DebuggerFoundation.Launcher.LLDB"
      shouldUseLaunchSchemeArgsEnv = "YES">
      <Testables>
      </Testables>
      <MacroExpansion>
         <BuildableReference
            BuildableIdentifier = "primary"
            BlueprintIdentifier = "C4A73457225A7CA500DF6364"
            BuildableName = "CPUUsageGuard"
            BlueprintName = "CPUUsageGuard"
            ReferencedContainer = "container:CPUUsageGuard.xcodeproj">
         </BuildableReference>
      </MacroExpansion>
      <AdditionalOptions>
      </AdditionalOptions>
   </TestAction>
   <LaunchAction
      buildConfiguration = "Debug"
      selectedDebuggerIdentifier = "Xcode.DebuggerFoundation.Debugger.LLDB"
      selectedLauncherIdentifier = "Xcode.DebuggerFoundation.Launcher.LLDB"
      launchStyle = "0"
      useCustomWorkingDirectory = "NO"
      ignoresPersistentStateOnLaunch = "NO"
      debugDocumentVersioning = "YES"
      debugServiceExtension = "internal"
      allowLocationSimulation = "YES">
      <BuildableProductRunnable
         runnableDebuggingMode = "0">
         <BuildableReference
            BuildableIdentifier = "primary"
            BlueprintIdentifier = "C4A73457225A7CA500DF6364"
            BuildableName = "CPUUsageGuard"
            BlueprintName = "CPUUsageGuard"
            ReferencedContainer = "container:CPUUsageGuard.xcodeproj">
         </BuildableReference>
      </BuildableProductRunnable>
      <CommandLineArguments>
         <CommandLineArgument
            argument = "-pattern &quot;Google Chrome Helper --type=renderer&quot;"
            isEnabled = "YES">
         </CommandLineArgument>
         <CommandLineArgument
            argument = "-cpuUsageThreshold 9"
            isEnabled = "YES">
         </CommandLineArgument>
         <CommandLineArgument
            argument = "-ageThreshold 10"
            isEnabled = "YES">
         </CommandLineArgument>
         <CommandLineArgument
            argument = "-topDelay 5"
            isEnabled = "YES">
         </CommandLineArgument>
         <CommandLineArgument
            argument = "-interval 15"
            isEnabled = "YES">
         </CommandLineArgument>
      </CommandLineArguments>
      <AdditionalOptions>
      </AdditionalOptions>
   </LaunchAction>
   <ProfileAction
      buildConfiguration = "Release"
      shouldUseLaunchSchemeArgsEnv = "YES"
      savedToolIdentifier = ""
      useCustomWorkingDirectory = "NO"
      debugDocumentVersioning = "YES">
      <BuildableProductRunnable
         runnableDebuggingMode = "0">
         <BuildableReference
            BuildableIdentifier = "primary"
            BlueprintIdentifier = "C4A73457225A7CA500DF6364"
            BuildableName = "CPUUsageGuard"
            BlueprintName = "CPUUsageGuard"
            ReferencedContainer = "container:CPUUsageGuard.xcodeproj">
         </BuildableReference>
      </BuildableProductRunnable>
   </ProfileAction>
   <AnalyzeAction
      buildConfiguration = "Debug">
   </AnalyzeAction>
   <ArchiveAction
      buildConfiguration = "Release"
      revealArchiveInOrganizer = "YES">
   </ArchiveAction>
</Scheme>
