// !$*UTF8*$!
{
	archiveVersion = 1;
	classes = {
	};
	objectVersion = 50;
	objects = {

/* Begin PBXBuildFile section */
		C41786FC2277843F00B26FEA /* Notifications.swift in Sources */ = {isa = PBXBuildFile; fileRef = C41786FB2277843F00B26FEA /* Notifications.swift */; };
		C46D0924225AB9B400656041 /* Stats.swift in Sources */ = {isa = PBXBuildFile; fileRef = C46D0923225AB9B400656041 /* Stats.swift */; };
		C46D0926225AB9E100656041 /* Repeating.swift in Sources */ = {isa = PBXBuildFile; fileRef = C46D0925225AB9E100656041 /* Repeating.swift */; };
		C46D0928225ABA3100656041 /* Driver.swift in Sources */ = {isa = PBXBuildFile; fileRef = C46D0927225ABA3100656041 /* Driver.swift */; };
		C46D092A225ABA8F00656041 /* Types.swift in Sources */ = {isa = PBXBuildFile; fileRef = C46D0929225ABA8F00656041 /* Types.swift */; };
		C46D092C225ABBDC00656041 /* Config.swift in Sources */ = {isa = PBXBuildFile; fileRef = C46D092B225ABBDC00656041 /* Config.swift */; };
		C46D0934225BD3E300656041 /* pgrep.swift in Sources */ = {isa = PBXBuildFile; fileRef = C46D0933225BD3E300656041 /* pgrep.swift */; };
		C46D0937225C590E00656041 /* pcpu.swift in Sources */ = {isa = PBXBuildFile; fileRef = C46D0936225C590E00656041 /* pcpu.swift */; };
		C46D0939225C63F700656041 /* exec.swift in Sources */ = {isa = PBXBuildFile; fileRef = C46D0938225C63F700656041 /* exec.swift */; };
		C4A7345C225A7CA500DF6364 /* main.swift in Sources */ = {isa = PBXBuildFile; fileRef = C4A7345B225A7CA500DF6364 /* main.swift */; };
		C4A73463225A878F00DF6364 /* Run.swift in Sources */ = {isa = PBXBuildFile; fileRef = C4A73462225A878F00DF6364 /* Run.swift */; };
/* End PBXBuildFile section */

/* Begin PBXCopyFilesBuildPhase section */
		C4A73456225A7CA500DF6364 /* CopyFiles */ = {
			isa = PBXCopyFilesBuildPhase;
			buildActionMask = 2147483647;
			dstPath = /usr/share/man/man1/;
			dstSubfolderSpec = 0;
			files = (
			);
			runOnlyForDeploymentPostprocessing = 1;
		};
/* End PBXCopyFilesBuildPhase section */

/* Begin PBXFileReference section */
		C41786FB2277843F00B26FEA /* Notifications.swift */ = {isa = PBXFileReference; lastKnownFileType = sourcecode.swift; path = Notifications.swift; sourceTree = "<group>"; };
		C46D0923225AB9B400656041 /* Stats.swift */ = {isa = PBXFileReference; lastKnownFileType = sourcecode.swift; path = Stats.swift; sourceTree = "<group>"; };
		C46D0925225AB9E100656041 /* Repeating.swift */ = {isa = PBXFileReference; lastKnownFileType = sourcecode.swift; path = Repeating.swift; sourceTree = "<group>"; };
		C46D0927225ABA3100656041 /* Driver.swift */ = {isa = PBXFileReference; lastKnownFileType = sourcecode.swift; path = Driver.swift; sourceTree = "<group>"; };
		C46D0929225ABA8F00656041 /* Types.swift */ = {isa = PBXFileReference; lastKnownFileType = sourcecode.swift; path = Types.swift; sourceTree = "<group>"; };
		C46D092B225ABBDC00656041 /* Config.swift */ = {isa = PBXFileReference; lastKnownFileType = sourcecode.swift; path = Config.swift; sourceTree = "<group>"; };
		C46D092F225BCFD100656041 /* CPUUsageGuard-Bridging-Header.h */ = {isa = PBXFileReference; lastKnownFileType = sourcecode.c.h; path = "CPUUsageGuard-Bridging-Header.h"; sourceTree = "<group>"; };
		C46D0933225BD3E300656041 /* pgrep.swift */ = {isa = PBXFileReference; lastKnownFileType = sourcecode.swift; path = pgrep.swift; sourceTree = "<group>"; };
		C46D0935225C4B6F00656041 /* Info.plist */ = {isa = PBXFileReference; lastKnownFileType = text.plist.xml; path = Info.plist; sourceTree = "<group>"; };
		C46D0936225C590E00656041 /* pcpu.swift */ = {isa = PBXFileReference; lastKnownFileType = sourcecode.swift; path = pcpu.swift; sourceTree = "<group>"; };
		C46D0938225C63F700656041 /* exec.swift */ = {isa = PBXFileReference; lastKnownFileType = sourcecode.swift; path = exec.swift; sourceTree = "<group>"; };
		C4A73458225A7CA500DF6364 /* CPUUsageGuard */ = {isa = PBXFileReference; explicitFileType = "compiled.mach-o.executable"; includeInIndex = 0; path = CPUUsageGuard; sourceTree = BUILT_PRODUCTS_DIR; };
		C4A7345B225A7CA500DF6364 /* main.swift */ = {isa = PBXFileReference; lastKnownFileType = sourcecode.swift; path = main.swift; sourceTree = "<group>"; };
		C4A73462225A878F00DF6364 /* Run.swift */ = {isa = PBXFileReference; lastKnownFileType = sourcecode.swift; path = Run.swift; sourceTree = "<group>"; };
/* End PBXFileReference section */

/* Begin PBXFrameworksBuildPhase section */
		C4A73455225A7CA500DF6364 /* Frameworks */ = {
			isa = PBXFrameworksBuildPhase;
			buildActionMask = 2147483647;
			files = (
			);
			runOnlyForDeploymentPostprocessing = 0;
		};
/* End PBXFrameworksBuildPhase section */

/* Begin PBXGroup section */
		C4A7344F225A7CA500DF6364 = {
			isa = PBXGroup;
			children = (
				C4A7345A225A7CA500DF6364 /* CPUUsageGuard */,
				C4A73459225A7CA500DF6364 /* Products */,
			);
			sourceTree = "<group>";
			usesTabs = 0;
		};
		C4A73459225A7CA500DF6364 /* Products */ = {
			isa = PBXGroup;
			children = (
				C4A73458225A7CA500DF6364 /* CPUUsageGuard */,
			);
			name = Products;
			sourceTree = "<group>";
		};
		C4A7345A225A7CA500DF6364 /* CPUUsageGuard */ = {
			isa = PBXGroup;
			children = (
				C46D092F225BCFD100656041 /* CPUUsageGuard-Bridging-Header.h */,
				C46D0935225C4B6F00656041 /* Info.plist */,
				C4A7345B225A7CA500DF6364 /* main.swift */,
				C4A73462225A878F00DF6364 /* Run.swift */,
				C41786FB2277843F00B26FEA /* Notifications.swift */,
				C46D0927225ABA3100656041 /* Driver.swift */,
				C46D0929225ABA8F00656041 /* Types.swift */,
				C46D092B225ABBDC00656041 /* Config.swift */,
				C46D0923225AB9B400656041 /* Stats.swift */,
				C46D0938225C63F700656041 /* exec.swift */,
				C46D0933225BD3E300656041 /* pgrep.swift */,
				C46D0936225C590E00656041 /* pcpu.swift */,
				C46D0925225AB9E100656041 /* Repeating.swift */,
			);
			path = CPUUsageGuard;
			sourceTree = "<group>";
		};
/* End PBXGroup section */

/* Begin PBXNativeTarget section */
		C4A73457225A7CA500DF6364 /* CPUUsageGuard */ = {
			isa = PBXNativeTarget;
			buildConfigurationList = C4A7345F225A7CA500DF6364 /* Build configuration list for PBXNativeTarget "CPUUsageGuard" */;
			buildPhases = (
				C4A73454225A7CA500DF6364 /* Sources */,
				C4A73455225A7CA500DF6364 /* Frameworks */,
				C4A73456225A7CA500DF6364 /* CopyFiles */,
			);
			buildRules = (
			);
			dependencies = (
			);
			name = CPUUsageGuard;
			productName = CPUUsageGuard;
			productReference = C4A73458225A7CA500DF6364 /* CPUUsageGuard */;
			productType = "com.apple.product-type.tool";
		};
/* End PBXNativeTarget section */

/* Begin PBXProject section */
		C4A73450225A7CA500DF6364 /* Project object */ = {
			isa = PBXProject;
			attributes = {
				LastSwiftUpdateCheck = 1020;
				LastUpgradeCheck = 1020;
				ORGANIZATIONNAME = "Grigory Entin";
				TargetAttributes = {
					C4A73457225A7CA500DF6364 = {
						CreatedOnToolsVersion = 10.2;
						LastSwiftMigration = 1020;
					};
				};
			};
			buildConfigurationList = C4A73453225A7CA500DF6364 /* Build configuration list for PBXProject "CPUUsageGuard" */;
			compatibilityVersion = "Xcode 9.3";
			developmentRegion = en;
			hasScannedForEncodings = 0;
			knownRegions = (
				en,
			);
			mainGroup = C4A7344F225A7CA500DF6364;
			productRefGroup = C4A73459225A7CA500DF6364 /* Products */;
			projectDirPath = "";
			projectRoot = "";
			targets = (
				C4A73457225A7CA500DF6364 /* CPUUsageGuard */,
			);
		};
/* End PBXProject section */

/* Begin PBXSourcesBuildPhase section */
		C4A73454225A7CA500DF6364 /* Sources */ = {
			isa = PBXSourcesBuildPhase;
			buildActionMask = 2147483647;
			files = (
				C4A7345C225A7CA500DF6364 /* main.swift in Sources */,
				C46D0928225ABA3100656041 /* Driver.swift in Sources */,
				C41786FC2277843F00B26FEA /* Notifications.swift in Sources */,
				C46D0926225AB9E100656041 /* Repeating.swift in Sources */,
				C46D0934225BD3E300656041 /* pgrep.swift in Sources */,
				C46D092C225ABBDC00656041 /* Config.swift in Sources */,
				C46D092A225ABA8F00656041 /* Types.swift in Sources */,
				C46D0939225C63F700656041 /* exec.swift in Sources */,
				C46D0924225AB9B400656041 /* Stats.swift in Sources */,
				C46D0937225C590E00656041 /* pcpu.swift in Sources */,
				C4A73463225A878F00DF6364 /* Run.swift in Sources */,
			);
			runOnlyForDeploymentPostprocessing = 0;
		};
/* End PBXSourcesBuildPhase section */

/* Begin XCBuildConfiguration section */
		C4A7345D225A7CA500DF6364 /* Debug */ = {
			isa = XCBuildConfiguration;
			buildSettings = {
				ALWAYS_SEARCH_USER_PATHS = NO;
				CLANG_ANALYZER_NONNULL = YES;
				CLANG_ANALYZER_NUMBER_OBJECT_CONVERSION = YES_AGGRESSIVE;
				CLANG_CXX_LANGUAGE_STANDARD = "gnu++14";
				CLANG_CXX_LIBRARY = "libc++";
				CLANG_ENABLE_MODULES = YES;
				CLANG_ENABLE_OBJC_ARC = YES;
				CLANG_ENABLE_OBJC_WEAK = YES;
				CLANG_WARN_BLOCK_CAPTURE_AUTORELEASING = YES;
				CLANG_WARN_BOOL_CONVERSION = YES;
				CLANG_WARN_COMMA = YES;
				CLANG_WARN_CONSTANT_CONVERSION = YES;
				CLANG_WARN_DEPRECATED_OBJC_IMPLEMENTATIONS = YES;
				CLANG_WARN_DIRECT_OBJC_ISA_USAGE = YES_ERROR;
				CLANG_WARN_DOCUMENTATION_COMMENTS = YES;
				CLANG_WARN_EMPTY_BODY = YES;
				CLANG_WARN_ENUM_CONVERSION = YES;
				CLANG_WARN_INFINITE_RECURSION = YES;
				CLANG_WARN_INT_CONVERSION = YES;
				CLANG_WARN_NON_LITERAL_NULL_CONVERSION = YES;
				CLANG_WARN_OBJC_IMPLICIT_RETAIN_SELF = YES;
				CLANG_WARN_OBJC_LITERAL_CONVERSION = YES;
				CLANG_WARN_OBJC_ROOT_CLASS = YES_ERROR;
				CLANG_WARN_RANGE_LOOP_ANALYSIS = YES;
				CLANG_WARN_STRICT_PROTOTYPES = YES;
				CLANG_WARN_SUSPICIOUS_MOVE = YES;
				CLANG_WARN_UNGUARDED_AVAILABILITY = YES_AGGRESSIVE;
				CLANG_WARN_UNREACHABLE_CODE = YES;
				CLANG_WARN__DUPLICATE_METHOD_MATCH = YES;
				CODE_SIGN_IDENTITY = "Mac Developer";
				COPY_PHASE_STRIP = NO;
				DEBUG_INFORMATION_FORMAT = dwarf;
				ENABLE_STRICT_OBJC_MSGSEND = YES;
				ENABLE_TESTABILITY = YES;
				GCC_C_LANGUAGE_STANDARD = gnu11;
				GCC_DYNAMIC_NO_PIC = NO;
				GCC_NO_COMMON_BLOCKS = YES;
				GCC_OPTIMIZATION_LEVEL = 0;
				GCC_PREPROCESSOR_DEFINITIONS = (
					"DEBUG=1",
					"$(inherited)",
				);
				GCC_WARN_64_TO_32_BIT_CONVERSION = YES;
				GCC_WARN_ABOUT_RETURN_TYPE = YES_ERROR;
				GCC_WARN_UNDECLARED_SELECTOR = YES;
				GCC_WARN_UNINITIALIZED_AUTOS = YES_AGGRESSIVE;
				GCC_WARN_UNUSED_FUNCTION = YES;
				GCC_WARN_UNUSED_VARIABLE = YES;
				MACOSX_DEPLOYMENT_TARGET = 10.14;
				MTL_ENABLE_DEBUG_INFO = INCLUDE_SOURCE;
				MTL_FAST_MATH = YES;
				ONLY_ACTIVE_ARCH = YES;
				SDKROOT = macosx;
				SWIFT_ACTIVE_COMPILATION_CONDITIONS = DEBUG;
				SWIFT_OPTIMIZATION_LEVEL = "-Onone";
			};
			name = Debug;
		};
		C4A7345E225A7CA500DF6364 /* Release */ = {
			isa = XCBuildConfiguration;
			buildSettings = {
				ALWAYS_SEARCH_USER_PATHS = NO;
				CLANG_ANALYZER_NONNULL = YES;
				CLANG_ANALYZER_NUMBER_OBJECT_CONVERSION = YES_AGGRESSIVE;
				CLANG_CXX_LANGUAGE_STANDARD = "gnu++14";
				CLANG_CXX_LIBRARY = "libc++";
				CLANG_ENABLE_MODULES = YES;
				CLANG_ENABLE_OBJC_ARC = YES;
				CLANG_ENABLE_OBJC_WEAK = YES;
				CLANG_WARN_BLOCK_CAPTURE_AUTORELEASING = YES;
				CLANG_WARN_BOOL_CONVERSION = YES;
				CLANG_WARN_COMMA = YES;
				CLANG_WARN_CONSTANT_CONVERSION = YES;
				CLANG_WARN_DEPRECATED_OBJC_IMPLEMENTATIONS = YES;
				CLANG_WARN_DIRECT_OBJC_ISA_USAGE = YES_ERROR;
				CLANG_WARN_DOCUMENTATION_COMMENTS = YES;
				CLANG_WARN_EMPTY_BODY = YES;
				CLANG_WARN_ENUM_CONVERSION = YES;
				CLANG_WARN_INFINITE_RECURSION = YES;
				CLANG_WARN_INT_CONVERSION = YES;
				CLANG_WARN_NON_LITERAL_NULL_CONVERSION = YES;
				CLANG_WARN_OBJC_IMPLICIT_RETAIN_SELF = YES;
				CLANG_WARN_OBJC_LITERAL_CONVERSION = YES;
				CLANG_WARN_OBJC_ROOT_CLASS = YES_ERROR;
				CLANG_WARN_RANGE_LOOP_ANALYSIS = YES;
				CLANG_WARN_STRICT_PROTOTYPES = YES;
				CLANG_WARN_SUSPICIOUS_MOVE = YES;
				CLANG_WARN_UNGUARDED_AVAILABILITY = YES_AGGRESSIVE;
				CLANG_WARN_UNREACHABLE_CODE = YES;
				CLANG_WARN__DUPLICATE_METHOD_MATCH = YES;
				CODE_SIGN_IDENTITY = "Mac Developer";
				COPY_PHASE_STRIP = NO;
				DEBUG_INFORMATION_FORMAT = "dwarf-with-dsym";
				ENABLE_NS_ASSERTIONS = NO;
				ENABLE_STRICT_OBJC_MSGSEND = YES;
				GCC_C_LANGUAGE_STANDARD = gnu11;
				GCC_NO_COMMON_BLOCKS = YES;
				GCC_WARN_64_TO_32_BIT_CONVERSION = YES;
				GCC_WARN_ABOUT_RETURN_TYPE = YES_ERROR;
				GCC_WARN_UNDECLARED_SELECTOR = YES;
				GCC_WARN_UNINITIALIZED_AUTOS = YES_AGGRESSIVE;
				GCC_WARN_UNUSED_FUNCTION = YES;
				GCC_WARN_UNUSED_VARIABLE = YES;
				MACOSX_DEPLOYMENT_TARGET = 10.14;
				MTL_ENABLE_DEBUG_INFO = NO;
				MTL_FAST_MATH = YES;
				SDKROOT = macosx;
				SWIFT_COMPILATION_MODE = wholemodule;
				SWIFT_OPTIMIZATION_LEVEL = "-O";
			};
			name = Release;
		};
		C4A73460225A7CA500DF6364 /* Debug */ = {
			isa = XCBuildConfiguration;
			buildSettings = {
				CLANG_ENABLE_MODULES = YES;
				CODE_SIGN_STYLE = Automatic;
				DEVELOPMENT_TEAM = 465NA5BW7E;
				INFOPLIST_FILE = "$(SRCROOT)/CPUUsageGuard/Info.plist";
				LD_RUNPATH_SEARCH_PATHS = (
					"$(inherited)",
					"@executable_path/../Frameworks",
					"@loader_path/../Frameworks",
				);
				PRODUCT_NAME = "$(TARGET_NAME)";
				SWIFT_OBJC_BRIDGING_HEADER = "CPUUsageGuard/CPUUsageGuard-Bridging-Header.h";
				SWIFT_OPTIMIZATION_LEVEL = "-Onone";
				SWIFT_VERSION = 5.0;
			};
			name = Debug;
		};
		C4A73461225A7CA500DF6364 /* Release */ = {
			isa = XCBuildConfiguration;
			buildSettings = {
				CLANG_ENABLE_MODULES = YES;
				CODE_SIGN_STYLE = Automatic;
				DEVELOPMENT_TEAM = 465NA5BW7E;
				INFOPLIST_FILE = "$(SRCROOT)/CPUUsageGuard/Info.plist";
				LD_RUNPATH_SEARCH_PATHS = (
					"$(inherited)",
					"@executable_path/../Frameworks",
					"@loader_path/../Frameworks",
				);
				PRODUCT_NAME = "$(TARGET_NAME)";
				SWIFT_OBJC_BRIDGING_HEADER = "CPUUsageGuard/CPUUsageGuard-Bridging-Header.h";
				SWIFT_VERSION = 5.0;
			};
			name = Release;
		};
/* End XCBuildConfiguration section */

/* Begin XCConfigurationList section */
		C4A73453225A7CA500DF6364 /* Build configuration list for PBXProject "CPUUsageGuard" */ = {
			isa = XCConfigurationList;
			buildConfigurations = (
				C4A7345D225A7CA500DF6364 /* Debug */,
				C4A7345E225A7CA500DF6364 /* Release */,
			);
			defaultConfigurationIsVisible = 0;
			defaultConfigurationName = Release;
		};
		C4A7345F225A7CA500DF6364 /* Build configuration list for PBXNativeTarget "CPUUsageGuard" */ = {
			isa = XCConfigurationList;
			buildConfigurations = (
				C4A73460225A7CA500DF6364 /* Debug */,
				C4A73461225A7CA500DF6364 /* Release */,
			);
			defaultConfigurationIsVisible = 0;
			defaultConfigurationName = Release;
		};
/* End XCConfigurationList section */
	};
	rootObject = C4A73450225A7CA500DF6364 /* Project object */;
}
